
Microsoft Visual Studio Solution File, Format Version 12.00
# Visual Studio 15
VisualStudioVersion = 15.0.27130.2020
MinimumVisualStudioVersion = 10.0.40219.1
Project("{FAE04EC0-301F-11D3-BF4B-00C04F79EFBC}") = "BlogAspNet", "BlogAspNet\BlogAspNet.csproj", "{5410FD43-0669-4490-8E88-40AC8164A29D}"
EndProject
Global
	GlobalSection(SolutionConfigurationPlatforms) = preSolution
		Debug|Any CPU = Debug|Any CPU
		Release|Any CPU = Release|Any CPU
	EndGlobalSection
	GlobalSection(ProjectConfigurationPlatforms) = postSolution
		{5410FD43-0669-4490-8E88-40AC8164A29D}.Debug|Any CPU.ActiveCfg = Debug|Any CPU
		{5410FD43-0669-4490-8E88-40AC8164A29D}.Debug|Any CPU.Build.0 = Debug|Any CPU
		{5410FD43-0669-4490-8E88-40AC8164A29D}.Release|Any CPU.ActiveCfg = Release|Any CPU
		{5410FD43-0669-4490-8E88-40AC8164A29D}.Release|Any CPU.Build.0 = Release|Any CPU
	EndGlobalSection
	GlobalSection(SolutionProperties) = preSolution
		HideSolutionNode = FALSE
	EndGlobalSection
	GlobalSection(ExtensibilityGlobals) = postSolution
		SolutionGuid = {9A1453B0-9441-490D-855F-2AB7F8C73E62}
	EndGlobalSection
EndGlobal
